
Microsoft Visual Studio Solution File, Format Version 12.00
# Visual Studio Version 16
VisualStudioVersion = 16.0.30523.141
MinimumVisualStudioVersion = 10.0.40219.1
Project("{FAE04EC0-301F-11D3-BF4B-00C04F79EFBC}") = "U26", "U26\U26.csproj", "{F127158B-990C-4454-8222-496FB806D60F}"
EndProject
Global
	GlobalSection(SolutionConfigurationPlatforms) = preSolution
		Debug|ARM = Debug|ARM
		Debug|ARM64 = Debug|ARM64
		Debug|x64 = Debug|x64
		Debug|x86 = Debug|x86
		Release|ARM = Release|ARM
		Release|ARM64 = Release|ARM64
		Release|x64 = Release|x64
		Release|x86 = Release|x86
	EndGlobalSection
	GlobalSection(ProjectConfigurationPlatforms) = postSolution
		{F127158B-990C-4454-8222-496FB806D60F}.Debug|ARM.ActiveCfg = Debug|ARM
		{F127158B-990C-4454-8222-496FB806D60F}.Debug|ARM.Build.0 = Debug|ARM
		{F127158B-990C-4454-8222-496FB806D60F}.Debug|ARM.Deploy.0 = Debug|ARM
		{F127158B-990C-4454-8222-496FB806D60F}.Debug|ARM64.ActiveCfg = Debug|ARM64
		{F127158B-990C-4454-8222-496FB806D60F}.Debug|ARM64.Build.0 = Debug|ARM64
		{F127158B-990C-4454-8222-496FB806D60F}.Debug|ARM64.Deploy.0 = Debug|ARM64
		{F127158B-990C-4454-8222-496FB806D60F}.Debug|x64.ActiveCfg = Debug|x64
		{F127158B-990C-4454-8222-496FB806D60F}.Debug|x64.Build.0 = Debug|x64
		{F127158B-990C-4454-8222-496FB806D60F}.Debug|x64.Deploy.0 = Debug|x64
		{F127158B-990C-4454-8222-496FB806D60F}.Debug|x86.ActiveCfg = Debug|x86
		{F127158B-990C-4454-8222-496FB806D60F}.Debug|x86.Build.0 = Debug|x86
		{F127158B-990C-4454-8222-496FB806D60F}.Debug|x86.Deploy.0 = Debug|x86
		{F127158B-990C-4454-8222-496FB806D60F}.Release|ARM.ActiveCfg = Release|ARM
		{F127158B-990C-4454-8222-496FB806D60F}.Release|ARM.Build.0 = Release|ARM
		{F127158B-990C-4454-8222-496FB806D60F}.Release|ARM.Deploy.0 = Release|ARM
		{F127158B-990C-4454-8222-496FB806D60F}.Release|ARM64.ActiveCfg = Release|ARM64
		{F127158B-990C-4454-8222-496FB806D60F}.Release|ARM64.Build.0 = Release|ARM64
		{F127158B-990C-4454-8222-496FB806D60F}.Release|ARM64.Deploy.0 = Release|ARM64
		{F127158B-990C-4454-8222-496FB806D60F}.Release|x64.ActiveCfg = Release|x64
		{F127158B-990C-4454-8222-496FB806D60F}.Release|x64.Build.0 = Release|x64
		{F127158B-990C-4454-8222-496FB806D60F}.Release|x64.Deploy.0 = Release|x64
		{F127158B-990C-4454-8222-496FB806D60F}.Release|x86.ActiveCfg = Release|x86
		{F127158B-990C-4454-8222-496FB806D60F}.Release|x86.Build.0 = Release|x86
		{F127158B-990C-4454-8222-496FB806D60F}.Release|x86.Deploy.0 = Release|x86
	EndGlobalSection
	GlobalSection(SolutionProperties) = preSolution
		HideSolutionNode = FALSE
	EndGlobalSection
	GlobalSection(ExtensibilityGlobals) = postSolution
		SolutionGuid = {AE1C4CE8-BCDC-4449-8A85-93B0FAEE8DF0}
	EndGlobalSection
EndGlobal
